
Microsoft Visual Studio Solution File, Format Version 12.00
# Visual Studio Version 17
VisualStudioVersion = 17.5.33627.172
MinimumVisualStudioVersion = 10.0.40219.1
Project("{FAE04EC0-301F-11D3-BF4B-00C04F79EFBC}") = "inheritance", "inheritance.csproj", "{78F593C9-238D-4D29-8D99-0AB09727703F}"
EndProject
Global
	GlobalSection(SolutionConfigurationPlatforms) = preSolution
		Debug|Any CPU = Debug|Any CPU
		Release|Any CPU = Release|Any CPU
	EndGlobalSection
	GlobalSection(ProjectConfigurationPlatforms) = postSolution
		{78F593C9-238D-4D29-8D99-0AB09727703F}.Debug|Any CPU.ActiveCfg = Debug|Any CPU
		{78F593C9-238D-4D29-8D99-0AB09727703F}.Debug|Any CPU.Build.0 = Debug|Any CPU
		{78F593C9-238D-4D29-8D99-0AB09727703F}.Release|Any CPU.ActiveCfg = Release|Any CPU
		{78F593C9-238D-4D29-8D99-0AB09727703F}.Release|Any CPU.Build.0 = Release|Any CPU
	EndGlobalSection
	GlobalSection(SolutionProperties) = preSolution
		HideSolutionNode = FALSE
	EndGlobalSection
	GlobalSection(ExtensibilityGlobals) = postSolution
		SolutionGuid = {4CB73B62-B678-4A36-BF2E-26FC1C962C68}
	EndGlobalSection
EndGlobal
